
Microsoft Visual Studio Solution File, Format Version 12.00
# Visual Studio Version 17
VisualStudioVersion = 17.0.31912.275
MinimumVisualStudioVersion = 10.0.40219.1
Project("{FAE04EC0-301F-11D3-BF4B-00C04F79EFBC}") = "NuGetCopyFiles", "NuGetCopyFiles\NuGetCopyFiles.csproj", "{80194DC7-CC3D-4984-9086-11FA69993B71}"
EndProject
Project("{FAE04EC0-301F-11D3-BF4B-00C04F79EFBC}") = "UseCopyFilesNuGet", "UseCopyFilesNuGet\UseCopyFilesNuGet.csproj", "{9A9F04D6-353A-4078-B68C-0B02D1C0246C}"
EndProject
Project("{2150E333-8FDC-42A3-9474-1A3956D46DE8}") = "Solution Items", "Solution Items", "{0F54F857-E2B8-4591-A0CB-6B20C1E9B53C}"
	ProjectSection(SolutionItems) = preProject
		ReadMe.md = ReadMe.md
	EndProjectSection
EndProject
Global
	GlobalSection(SolutionConfigurationPlatforms) = preSolution
		Debug|Any CPU = Debug|Any CPU
		Release|Any CPU = Release|Any CPU
	EndGlobalSection
	GlobalSection(ProjectConfigurationPlatforms) = postSolution
		{80194DC7-CC3D-4984-9086-11FA69993B71}.Debug|Any CPU.ActiveCfg = Debug|Any CPU
		{80194DC7-CC3D-4984-9086-11FA69993B71}.Debug|Any CPU.Build.0 = Debug|Any CPU
		{80194DC7-CC3D-4984-9086-11FA69993B71}.Release|Any CPU.ActiveCfg = Release|Any CPU
		{80194DC7-CC3D-4984-9086-11FA69993B71}.Release|Any CPU.Build.0 = Release|Any CPU
		{9A9F04D6-353A-4078-B68C-0B02D1C0246C}.Debug|Any CPU.ActiveCfg = Debug|Any CPU
		{9A9F04D6-353A-4078-B68C-0B02D1C0246C}.Debug|Any CPU.Build.0 = Debug|Any CPU
		{9A9F04D6-353A-4078-B68C-0B02D1C0246C}.Release|Any CPU.ActiveCfg = Release|Any CPU
		{9A9F04D6-353A-4078-B68C-0B02D1C0246C}.Release|Any CPU.Build.0 = Release|Any CPU
	EndGlobalSection
	GlobalSection(SolutionProperties) = preSolution
		HideSolutionNode = FALSE
	EndGlobalSection
	GlobalSection(ExtensibilityGlobals) = postSolution
		SolutionGuid = {18994069-3660-40FC-B71A-99E687E87913}
	EndGlobalSection
EndGlobal
